{
    "name": "uiotos",
    "lockfileVersion": 2,
    "requires": true,
    "packages": {
        "": {
            "dependencies": {
                "circular-json": "^0.5.9"
            }
        },
        "node_modules/circular-json": {
            "version": "0.5.9",
            "resolved": "https://registry.npmmirror.com/circular-json/-/circular-json-0.5.9.tgz",
            "integrity": "sha512-4ivwqHpIFJZBuhN3g/pEcdbnGUywkBblloGbkglyloVjjR3uT6tieI89MVOfbP2tHX5sgb01FuLgAOzebNlJNQ==",
            "deprecated": "CircularJSON is in maintenance only, flatted is its successor."
        }
    },
    "dependencies": {
        "circular-json": {
            "version": "0.5.9",
            "resolved": "https://registry.npmmirror.com/circular-json/-/circular-json-0.5.9.tgz",
            "integrity": "sha512-4ivwqHpIFJZBuhN3g/pEcdbnGUywkBblloGbkglyloVjjR3uT6tieI89MVOfbP2tHX5sgb01FuLgAOzebNlJNQ=="
        }
    }
}