# THIS IS AN AUTOGENERATED FILE. DO NOT EDIT THIS FILE DIRECTLY.
# yarn lockfile v1


"circular-json@^0.5.9":
  "integrity" "sha512-4ivwqHpIFJZBuhN3g/pEcdbnGUywkBblloGbkglyloVjjR3uT6tieI89MVOfbP2tHX5sgb01FuLgAOzebNlJNQ=="
  "resolved" "https://registry.npmmirror.com/circular-json/-/circular-json-0.5.9.tgz"
  "version" "0.5.9"
